PODS:
  - boost-for-react-native (1.63.0)
  - DoubleConversion (1.1.6)
  - Flutter (1.0.0)
  - FlutterPluginRegistrant (0.0.1):
    - Flutter
  - Folly (2018.10.22.00):
    - boost-for-react-native
    - DoubleConversion
    - glog
  - glog (0.3.5)
  - PodSample (0.0.1)
  - React (0.59.3):
    - React/Core (= 0.59.3)
  - React/Core (0.59.3):
    - yoga (= 0.59.3.React)
  - React/CxxBridge (0.59.3):
    - Folly (= 2018.10.22.00)
    - React/Core
    - React/cxxreact
    - React/jsiexecutor
  - React/cxxreact (0.59.3):
    - boost-for-react-native (= 1.63.0)
    - DoubleConversion
    - Folly (= 2018.10.22.00)
    - glog
    - React/jsinspector
  - React/DevSupport (0.59.3):
    - React/Core
    - React/RCTWebSocket
  - React/fishhook (0.59.3)
  - React/jsi (0.59.3):
    - DoubleConversion
    - Folly (= 2018.10.22.00)
    - glog
  - React/jsiexecutor (0.59.3):
    - DoubleConversion
    - Folly (= 2018.10.22.00)
    - glog
    - React/cxxreact
    - React/jsi
  - React/jsinspector (0.59.3)
  - React/RCTAnimation (0.59.3):
    - React/Core
  - React/RCTBlob (0.59.3):
    - React/Core
  - React/RCTImage (0.59.3):
    - React/Core
    - React/RCTNetwork
  - React/RCTLinkingIOS (0.59.3):
    - React/Core
  - React/RCTNetwork (0.59.3):
    - React/Core
  - React/RCTText (0.59.3):
    - React/Core
  - React/RCTWebSocket (0.59.3):
    - React/Core
    - React/fishhook
    - React/RCTBlob
  - ReactNativePlugin (0.59.3):
    - DoubleConversion (= 1.1.6)
    - Folly (= 2018.10.22.00)
    - glog (= 0.3.5)
    - React/Core (= 0.59.3)
    - React/CxxBridge (= 0.59.3)
    - React/DevSupport (= 0.59.3)
    - React/RCTAnimation (= 0.59.3)
    - React/RCTImage (= 0.59.3)
    - React/RCTLinkingIOS (= 0.59.3)
    - React/RCTNetwork (= 0.59.3)
    - React/RCTText (= 0.59.3)
    - React/RCTWebSocket (= 0.59.3)
    - yoga (= 0.59.3.React)
  - RNGestureHandler (1.1.0):
    - React
  - RNSampleFeature (0.0.1):
    - ReactNativePlugin (= 0.59.3)
  - yoga (0.59.3.React)

DEPENDENCIES:
  - Flutter (from `../flutter/.ios/Flutter/engine`)
  - FlutterPluginRegistrant (from `../flutter/.ios/Flutter/FlutterPluginRegistrant`)
  - PodSample
  - RNGestureHandler (from `../rn/node_modules/react-native-gesture-handler`)
  - RNSampleFeature (= 0.0.1)

SPEC REPOS:
  https://github.com/iossocket/TWRepo.git:
    - boost-for-react-native
    - DoubleConversion
    - Folly
    - glog
    - PodSample
    - React
    - ReactNativePlugin
    - RNSampleFeature
    - yoga

EXTERNAL SOURCES:
  Flutter:
    :path: "../flutter/.ios/Flutter/engine"
  FlutterPluginRegistrant:
    :path: "../flutter/.ios/Flutter/FlutterPluginRegistrant"
  RNGestureHandler:
    :path: "../rn/node_modules/react-native-gesture-handler"

SPEC CHECKSUMS:
  boost-for-react-native: 34fb5e81e639b9bf106cf91bccd74a4a4a6a9404
  DoubleConversion: f667477bface883238976991f46105fcacc96d56
  Flutter: 58dd7d1b27887414a370fcccb9e645c08ffd7a6a
  FlutterPluginRegistrant: 3f4d45b679eb21eb53e786e8884a26157555ce9f
  Folly: 391015f9b49dcda4ab622abb43ee71ab77c96269
  glog: 3910be5a35ef6ebad63f2cdd0c6d1ccf6cf651d1
  PodSample: 28b799dec39995a7f5a80ef0661491bdfd59cd40
  React: 0469a03bca152a1028d6b619891edb2ada002e09
  ReactNativePlugin: 844ad4ab965892ffc580fae8551c9e67e32d7315
  RNGestureHandler: b65d391f4f570178d657b99a16ec99d09b8656b0
  RNSampleFeature: 8071c356d1bacd5b146565015c20a80451113e4b
  yoga: 33adfb1d1c5a921240262365300e3853de93fca1

PODFILE CHECKSUM: f1e10099c339fc3a6c258f26725933fa401ca9fe

COCOAPODS: 1.6.1
